
Microsoft Visual Studio Solution File, Format Version 12.00
# Visual Studio Version 16
VisualStudioVersion = 16.0.29025.244
MinimumVisualStudioVersion = 10.0.40219.1
Project("{FAE04EC0-301F-11D3-BF4B-00C04F79EFBC}") = "DesigncheckGHOffline", "DesigncheckGHOffline\DesigncheckGHOffline.csproj", "{831AE301-52C0-4238-9E6D-BF7ABDE9786E}"
EndProject
Global
	GlobalSection(SolutionConfigurationPlatforms) = preSolution
		Debug|Any CPU = Debug|Any CPU
		Release|Any CPU = Release|Any CPU
	EndGlobalSection
	GlobalSection(ProjectConfigurationPlatforms) = postSolution
		{831AE301-52C0-4238-9E6D-BF7ABDE9786E}.Debug|Any CPU.ActiveCfg = Debug|Any CPU
		{831AE301-52C0-4238-9E6D-BF7ABDE9786E}.Debug|Any CPU.Build.0 = Debug|Any CPU
		{831AE301-52C0-4238-9E6D-BF7ABDE9786E}.Release|Any CPU.ActiveCfg = Release|Any CPU
		{831AE301-52C0-4238-9E6D-BF7ABDE9786E}.Release|Any CPU.Build.0 = Release|Any CPU
	EndGlobalSection
	GlobalSection(SolutionProperties) = preSolution
		HideSolutionNode = FALSE
	EndGlobalSection
	GlobalSection(ExtensibilityGlobals) = postSolution
		SolutionGuid = {940E2507-BCEA-4EE0-8E25-78CC708F0EB2}
	EndGlobalSection
EndGlobal
